// !$*UTF8*$!
{
	archiveVersion = 1;
	classes = {
	};
	objectVersion = 50;
	objects = {

/* Begin PBXBuildFile section */
		6A6630C927A823D6003952CA /* TrekerApp.swift in Sources */ = {isa = PBXBuildFile; fileRef = 6A6630C827A823D6003952CA /* TrekerApp.swift */; };
		6A6630CB27A823D6003952CA /* ContentView.swift in Sources */ = {isa = PBXBuildFile; fileRef = 6A6630CA27A823D6003952CA /* ContentView.swift */; };
		6A6630CD27A823D6003952CA /* Assets.xcassets in Resources */ = {isa = PBXBuildFile; fileRef = 6A6630CC27A823D6003952CA /* Assets.xcassets */; };
		6A6630D027A823D6003952CA /* Preview Assets.xcassets in Resources */ = {isa = PBXBuildFile; fileRef = 6A6630CF27A823D6003952CA /* Preview Assets.xcassets */; };
		6A6630D927A82740003952CA /* tips.json in Resources */ = {isa = PBXBuildFile; fileRef = 6A6630D727A82740003952CA /* tips.json */; };
		6A6630DA27A82740003952CA /* locations.json in Resources */ = {isa = PBXBuildFile; fileRef = 6A6630D827A82740003952CA /* locations.json */; };
		6A6630DC27A83575003952CA /* Location.swift in Sources */ = {isa = PBXBuildFile; fileRef = 6A6630DB27A83575003952CA /* Location.swift */; };
		6A6630DE27A83AE1003952CA /* Locations.swift in Sources */ = {isa = PBXBuildFile; fileRef = 6A6630DD27A83AE1003952CA /* Locations.swift */; };
		6A6630E027A844CE003952CA /* WorldView.swift in Sources */ = {isa = PBXBuildFile; fileRef = 6A6630DF27A844CE003952CA /* WorldView.swift */; };
/* End PBXBuildFile section */

/* Begin PBXFileReference section */
		6A6630C527A823D6003952CA /* Treker.app */ = {isa = PBXFileReference; explicitFileType = wrapper.application; includeInIndex = 0; path = Treker.app; sourceTree = BUILT_PRODUCTS_DIR; };
		6A6630C827A823D6003952CA /* TrekerApp.swift */ = {isa = PBXFileReference; lastKnownFileType = sourcecode.swift; path = TrekerApp.swift; sourceTree = "<group>"; };
		6A6630CA27A823D6003952CA /* ContentView.swift */ = {isa = PBXFileReference; lastKnownFileType = sourcecode.swift; path = ContentView.swift; sourceTree = "<group>"; };
		6A6630CC27A823D6003952CA /* Assets.xcassets */ = {isa = PBXFileReference; lastKnownFileType = folder.assetcatalog; path = Assets.xcassets; sourceTree = "<group>"; };
		6A6630CF27A823D6003952CA /* Preview Assets.xcassets */ = {isa = PBXFileReference; lastKnownFileType = folder.assetcatalog; path = "Preview Assets.xcassets"; sourceTree = "<group>"; };
		6A6630D127A823D6003952CA /* Info.plist */ = {isa = PBXFileReference; lastKnownFileType = text.plist.xml; path = Info.plist; sourceTree = "<group>"; };
		6A6630D727A82740003952CA /* tips.json */ = {isa = PBXFileReference; fileEncoding = 4; lastKnownFileType = text.json; name = tips.json; path = ../../../../../Downloads/Assets/tips.json; sourceTree = "<group>"; };
		6A6630D827A82740003952CA /* locations.json */ = {isa = PBXFileReference; fileEncoding = 4; lastKnownFileType = text.json; name = locations.json; path = ../../../../../Downloads/Assets/locations.json; sourceTree = "<group>"; };
		6A6630DB27A83575003952CA /* Location.swift */ = {isa = PBXFileReference; lastKnownFileType = sourcecode.swift; path = Location.swift; sourceTree = "<group>"; };
		6A6630DD27A83AE1003952CA /* Locations.swift */ = {isa = PBXFileReference; lastKnownFileType = sourcecode.swift; path = Locations.swift; sourceTree = "<group>"; };
		6A6630DF27A844CE003952CA /* WorldView.swift */ = {isa = PBXFileReference; lastKnownFileType = sourcecode.swift; path = WorldView.swift; sourceTree = "<group>"; };
/* End PBXFileReference section */

/* Begin PBXFrameworksBuildPhase section */
		6A6630C227A823D6003952CA /* Frameworks */ = {
			isa = PBXFrameworksBuildPhase;
			buildActionMask = 2147483647;
			files = (
			);
			runOnlyForDeploymentPostprocessing = 0;
		};
/* End PBXFrameworksBuildPhase section */

/* Begin PBXGroup section */
		6A6630BC27A823D6003952CA = {
			isa = PBXGroup;
			children = (
				6A6630C727A823D6003952CA /* Treker */,
				6A6630C627A823D6003952CA /* Products */,
			);
			sourceTree = "<group>";
		};
		6A6630C627A823D6003952CA /* Products */ = {
			isa = PBXGroup;
			children = (
				6A6630C527A823D6003952CA /* Treker.app */,
			);
			name = Products;
			sourceTree = "<group>";
		};
		6A6630C727A823D6003952CA /* Treker */ = {
			isa = PBXGroup;
			children = (
				6A6630C827A823D6003952CA /* TrekerApp.swift */,
				6A6630DF27A844CE003952CA /* WorldView.swift */,
				6A6630CA27A823D6003952CA /* ContentView.swift */,
				6A6630DD27A83AE1003952CA /* Locations.swift */,
				6A6630CC27A823D6003952CA /* Assets.xcassets */,
				6A6630D127A823D6003952CA /* Info.plist */,
				6A6630DB27A83575003952CA /* Location.swift */,
				6A6630D827A82740003952CA /* locations.json */,
				6A6630D727A82740003952CA /* tips.json */,
				6A6630CE27A823D6003952CA /* Preview Content */,
			);
			path = Treker;
			sourceTree = "<group>";
		};
		6A6630CE27A823D6003952CA /* Preview Content */ = {
			isa = PBXGroup;
			children = (
				6A6630CF27A823D6003952CA /* Preview Assets.xcassets */,
			);
			path = "Preview Content";
			sourceTree = "<group>";
		};
/* End PBXGroup section */

/* Begin PBXNativeTarget section */
		6A6630C427A823D6003952CA /* Treker */ = {
			isa = PBXNativeTarget;
			buildConfigurationList = 6A6630D427A823D6003952CA /* Build configuration list for PBXNativeTarget "Treker" */;
			buildPhases = (
				6A6630C127A823D6003952CA /* Sources */,
				6A6630C227A823D6003952CA /* Frameworks */,
				6A6630C327A823D6003952CA /* Resources */,
			);
			buildRules = (
			);
			dependencies = (
			);
			name = Treker;
			productName = Treker;
			productReference = 6A6630C527A823D6003952CA /* Treker.app */;
			productType = "com.apple.product-type.application";
		};
/* End PBXNativeTarget section */

/* Begin PBXProject section */
		6A6630BD27A823D6003952CA /* Project object */ = {
			isa = PBXProject;
			attributes = {
				LastSwiftUpdateCheck = 1250;
				LastUpgradeCheck = 1250;
				TargetAttributes = {
					6A6630C427A823D6003952CA = {
						CreatedOnToolsVersion = 12.5.1;
					};
				};
			};
			buildConfigurationList = 6A6630C027A823D6003952CA /* Build configuration list for PBXProject "Treker" */;
			compatibilityVersion = "Xcode 9.3";
			developmentRegion = en;
			hasScannedForEncodings = 0;
			knownRegions = (
				en,
				Base,
			);
			mainGroup = 6A6630BC27A823D6003952CA;
			productRefGroup = 6A6630C627A823D6003952CA /* Products */;
			projectDirPath = "";
			projectRoot = "";
			targets = (
				6A6630C427A823D6003952CA /* Treker */,
			);
		};
/* End PBXProject section */

/* Begin PBXResourcesBuildPhase section */
		6A6630C327A823D6003952CA /* Resources */ = {
			isa = PBXResourcesBuildPhase;
			buildActionMask = 2147483647;
			files = (
				6A6630D027A823D6003952CA /* Preview Assets.xcassets in Resources */,
				6A6630CD27A823D6003952CA /* Assets.xcassets in Resources */,
				6A6630DA27A82740003952CA /* locations.json in Resources */,
				6A6630D927A82740003952CA /* tips.json in Resources */,
			);
			runOnlyForDeploymentPostprocessing = 0;
		};
/* End PBXResourcesBuildPhase section */

/* Begin PBXSourcesBuildPhase section */
		6A6630C127A823D6003952CA /* Sources */ = {
			isa = PBXSourcesBuildPhase;
			buildActionMask = 2147483647;
			files = (
				6A6630CB27A823D6003952CA /* ContentView.swift in Sources */,
				6A6630DC27A83575003952CA /* Location.swift in Sources */,
				6A6630E027A844CE003952CA /* WorldView.swift in Sources */,
				6A6630DE27A83AE1003952CA /* Locations.swift in Sources */,
				6A6630C927A823D6003952CA /* TrekerApp.swift in Sources */,
			);
			runOnlyForDeploymentPostprocessing = 0;
		};
/* End PBXSourcesBuildPhase section */

/* Begin XCBuildConfiguration section */
		6A6630D227A823D6003952CA /* Debug */ = {
			isa = XCBuildConfiguration;
			buildSettings = {
				ALWAYS_SEARCH_USER_PATHS = NO;
				CLANG_ANALYZER_NONNULL = YES;
				CLANG_ANALYZER_NUMBER_OBJECT_CONVERSION = YES_AGGRESSIVE;
				CLANG_CXX_LANGUAGE_STANDARD = "gnu++14";
				CLANG_CXX_LIBRARY = "libc++";
				CLANG_ENABLE_MODULES = YES;
				CLANG_ENABLE_OBJC_ARC = YES;
				CLANG_ENABLE_OBJC_WEAK = YES;
				CLANG_WARN_BLOCK_CAPTURE_AUTORELEASING = YES;
				CLANG_WARN_BOOL_CONVERSION = YES;
				CLANG_WARN_COMMA = YES;
				CLANG_WARN_CONSTANT_CONVERSION = YES;
				CLANG_WARN_DEPRECATED_OBJC_IMPLEMENTATIONS = YES;
				CLANG_WARN_DIRECT_OBJC_ISA_USAGE = YES_ERROR;
				CLANG_WARN_DOCUMENTATION_COMMENTS = YES;
				CLANG_WARN_EMPTY_BODY = YES;
				CLANG_WARN_ENUM_CONVERSION = YES;
				CLANG_WARN_INFINITE_RECURSION = YES;
				CLANG_WARN_INT_CONVERSION = YES;
				CLANG_WARN_NON_LITERAL_NULL_CONVERSION = YES;
				CLANG_WARN_OBJC_IMPLICIT_RETAIN_SELF = YES;
				CLANG_WARN_OBJC_LITERAL_CONVERSION = YES;
				CLANG_WARN_OBJC_ROOT_CLASS = YES_ERROR;
				CLANG_WARN_QUOTED_INCLUDE_IN_FRAMEWORK_HEADER = YES;
				CLANG_WARN_RANGE_LOOP_ANALYSIS = YES;
				CLANG_WARN_STRICT_PROTOTYPES = YES;
				CLANG_WARN_SUSPICIOUS_MOVE = YES;
				CLANG_WARN_UNGUARDED_AVAILABILITY = YES_AGGRESSIVE;
				CLANG_WARN_UNREACHABLE_CODE = YES;
				CLANG_WARN__DUPLICATE_METHOD_MATCH = YES;
				COPY_PHASE_STRIP = NO;
				DEBUG_INFORMATION_FORMAT = dwarf;
				ENABLE_STRICT_OBJC_MSGSEND = YES;
				ENABLE_TESTABILITY = YES;
				GCC_C_LANGUAGE_STANDARD = gnu11;
				GCC_DYNAMIC_NO_PIC = NO;
				GCC_NO_COMMON_BLOCKS = YES;
				GCC_OPTIMIZATION_LEVEL = 0;
				GCC_PREPROCESSOR_DEFINITIONS = (
					"DEBUG=1",
					"$(inherited)",
				);
				GCC_WARN_64_TO_32_BIT_CONVERSION = YES;
				GCC_WARN_ABOUT_RETURN_TYPE = YES_ERROR;
				GCC_WARN_UNDECLARED_SELECTOR = YES;
				GCC_WARN_UNINITIALIZED_AUTOS = YES_AGGRESSIVE;
				GCC_WARN_UNUSED_FUNCTION = YES;
				GCC_WARN_UNUSED_VARIABLE = YES;
				IPHONEOS_DEPLOYMENT_TARGET = 14.5;
				MTL_ENABLE_DEBUG_INFO = INCLUDE_SOURCE;
				MTL_FAST_MATH = YES;
				ONLY_ACTIVE_ARCH = YES;
				SDKROOT = iphoneos;
				SWIFT_ACTIVE_COMPILATION_CONDITIONS = DEBUG;
				SWIFT_OPTIMIZATION_LEVEL = "-Onone";
			};
			name = Debug;
		};
		6A6630D327A823D6003952CA /* Release */ = {
			isa = XCBuildConfiguration;
			buildSettings = {
				ALWAYS_SEARCH_USER_PATHS = NO;
				CLANG_ANALYZER_NONNULL = YES;
				CLANG_ANALYZER_NUMBER_OBJECT_CONVERSION = YES_AGGRESSIVE;
				CLANG_CXX_LANGUAGE_STANDARD = "gnu++14";
				CLANG_CXX_LIBRARY = "libc++";
				CLANG_ENABLE_MODULES = YES;
				CLANG_ENABLE_OBJC_ARC = YES;
				CLANG_ENABLE_OBJC_WEAK = YES;
				CLANG_WARN_BLOCK_CAPTURE_AUTORELEASING = YES;
				CLANG_WARN_BOOL_CONVERSION = YES;
				CLANG_WARN_COMMA = YES;
				CLANG_WARN_CONSTANT_CONVERSION = YES;
				CLANG_WARN_DEPRECATED_OBJC_IMPLEMENTATIONS = YES;
				CLANG_WARN_DIRECT_OBJC_ISA_USAGE = YES_ERROR;
				CLANG_WARN_DOCUMENTATION_COMMENTS = YES;
				CLANG_WARN_EMPTY_BODY = YES;
				CLANG_WARN_ENUM_CONVERSION = YES;
				CLANG_WARN_INFINITE_RECURSION = YES;
				CLANG_WARN_INT_CONVERSION = YES;
				CLANG_WARN_NON_LITERAL_NULL_CONVERSION = YES;
				CLANG_WARN_OBJC_IMPLICIT_RETAIN_SELF = YES;
				CLANG_WARN_OBJC_LITERAL_CONVERSION = YES;
				CLANG_WARN_OBJC_ROOT_CLASS = YES_ERROR;
				CLANG_WARN_QUOTED_INCLUDE_IN_FRAMEWORK_HEADER = YES;
				CLANG_WARN_RANGE_LOOP_ANALYSIS = YES;
				CLANG_WARN_STRICT_PROTOTYPES = YES;
				CLANG_WARN_SUSPICIOUS_MOVE = YES;
				CLANG_WARN_UNGUARDED_AVAILABILITY = YES_AGGRESSIVE;
				CLANG_WARN_UNREACHABLE_CODE = YES;
				CLANG_WARN__DUPLICATE_METHOD_MATCH = YES;
				COPY_PHASE_STRIP = NO;
				DEBUG_INFORMATION_FORMAT = "dwarf-with-dsym";
				ENABLE_NS_ASSERTIONS = NO;
				ENABLE_STRICT_OBJC_MSGSEND = YES;
				GCC_C_LANGUAGE_STANDARD = gnu11;
				GCC_NO_COMMON_BLOCKS = YES;
				GCC_WARN_64_TO_32_BIT_CONVERSION = YES;
				GCC_WARN_ABOUT_RETURN_TYPE = YES_ERROR;
				GCC_WARN_UNDECLARED_SELECTOR = YES;
				GCC_WARN_UNINITIALIZED_AUTOS = YES_AGGRESSIVE;
				GCC_WARN_UNUSED_FUNCTION = YES;
				GCC_WARN_UNUSED_VARIABLE = YES;
				IPHONEOS_DEPLOYMENT_TARGET = 14.5;
				MTL_ENABLE_DEBUG_INFO = NO;
				MTL_FAST_MATH = YES;
				SDKROOT = iphoneos;
				SWIFT_COMPILATION_MODE = wholemodule;
				SWIFT_OPTIMIZATION_LEVEL = "-O";
				VALIDATE_PRODUCT = YES;
			};
			name = Release;
		};
		6A6630D527A823D6003952CA /* Debug */ = {
			isa = XCBuildConfiguration;
			buildSettings = {
				ASSETCATALOG_COMPILER_APPICON_NAME = AppIcon;
				ASSETCATALOG_COMPILER_GLOBAL_ACCENT_COLOR_NAME = AccentColor;
				CODE_SIGN_STYLE = Automatic;
				DEVELOPMENT_ASSET_PATHS = "\"Treker/Preview Content\"";
				ENABLE_PREVIEWS = YES;
				INFOPLIST_FILE = Treker/Info.plist;
				IPHONEOS_DEPLOYMENT_TARGET = 14.0;
				LD_RUNPATH_SEARCH_PATHS = (
					"$(inherited)",
					"@executable_path/Frameworks",
				);
				PRODUCT_BUNDLE_IDENTIFIER = anish.Treker;
				PRODUCT_NAME = "$(TARGET_NAME)";
				SWIFT_VERSION = 5.0;
				TARGETED_DEVICE_FAMILY = "1,2";
			};
			name = Debug;
		};
		6A6630D627A823D6003952CA /* Release */ = {
			isa = XCBuildConfiguration;
			buildSettings = {
				ASSETCATALOG_COMPILER_APPICON_NAME = AppIcon;
				ASSETCATALOG_COMPILER_GLOBAL_ACCENT_COLOR_NAME = AccentColor;
				CODE_SIGN_STYLE = Automatic;
				DEVELOPMENT_ASSET_PATHS = "\"Treker/Preview Content\"";
				ENABLE_PREVIEWS = YES;
				INFOPLIST_FILE = Treker/Info.plist;
				IPHONEOS_DEPLOYMENT_TARGET = 14.0;
				LD_RUNPATH_SEARCH_PATHS = (
					"$(inherited)",
					"@executable_path/Frameworks",
				);
				PRODUCT_BUNDLE_IDENTIFIER = anish.Treker;
				PRODUCT_NAME = "$(TARGET_NAME)";
				SWIFT_VERSION = 5.0;
				TARGETED_DEVICE_FAMILY = "1,2";
			};
			name = Release;
		};
/* End XCBuildConfiguration section */

/* Begin XCConfigurationList section */
		6A6630C027A823D6003952CA /* Build configuration list for PBXProject "Treker" */ = {
			isa = XCConfigurationList;
			buildConfigurations = (
				6A6630D227A823D6003952CA /* Debug */,
				6A6630D327A823D6003952CA /* Release */,
			);
			defaultConfigurationIsVisible = 0;
			defaultConfigurationName = Release;
		};
		6A6630D427A823D6003952CA /* Build configuration list for PBXNativeTarget "Treker" */ = {
			isa = XCConfigurationList;
			buildConfigurations = (
				6A6630D527A823D6003952CA /* Debug */,
				6A6630D627A823D6003952CA /* Release */,
			);
			defaultConfigurationIsVisible = 0;
			defaultConfigurationName = Release;
		};
/* End XCConfigurationList section */
	};
	rootObject = 6A6630BD27A823D6003952CA /* Project object */;
}
